
Microsoft Visual Studio Solution File, Format Version 12.00
# Visual Studio Version 17
VisualStudioVersion = 17.14.36310.24 d17.14
MinimumVisualStudioVersion = 10.0.40219.1
Project("{FAE04EC0-301F-11D3-BF4B-00C04F79EFBC}") = "sshServer", "sshServer\sshServer.csproj", "{3A6BC318-DE6B-4FAA-AA1F-7C3F147B835E}"
EndProject
Global
	GlobalSection(SolutionConfigurationPlatforms) = preSolution
		Debug|Any CPU = Debug|Any CPU
		Release|Any CPU = Release|Any CPU
	EndGlobalSection
	GlobalSection(ProjectConfigurationPlatforms) = postSolution
		{3A6BC318-DE6B-4FAA-AA1F-7C3F147B835E}.Debug|Any CPU.ActiveCfg = Debug|Any CPU
		{3A6BC318-DE6B-4FAA-AA1F-7C3F147B835E}.Debug|Any CPU.Build.0 = Debug|Any CPU
		{3A6BC318-DE6B-4FAA-AA1F-7C3F147B835E}.Release|Any CPU.ActiveCfg = Release|Any CPU
		{3A6BC318-DE6B-4FAA-AA1F-7C3F147B835E}.Release|Any CPU.Build.0 = Release|Any CPU
	EndGlobalSection
	GlobalSection(SolutionProperties) = preSolution
		HideSolutionNode = FALSE
	EndGlobalSection
	GlobalSection(ExtensibilityGlobals) = postSolution
		SolutionGuid = {90163C65-C6F3-48A8-8A0B-9FCBB0F7606A}
	EndGlobalSection
EndGlobal
